
Microsoft Visual Studio Solution File, Format Version 12.00
# Visual Studio Version 17
VisualStudioVersion = 17.5.002.0
MinimumVisualStudioVersion = 10.0.40219.1
Project("{9A19103F-16F7-4668-BE54-9A1E7A4F7556}") = "mvc2", "mvc2.csproj", "{AEB021BA-288E-48F5-A238-AA9A44046FB3}"
EndProject
Global
	GlobalSection(SolutionConfigurationPlatforms) = preSolution
		Debug|Any CPU = Debug|Any CPU
		Release|Any CPU = Release|Any CPU
	EndGlobalSection
	GlobalSection(ProjectConfigurationPlatforms) = postSolution
		{AEB021BA-288E-48F5-A238-AA9A44046FB3}.Debug|Any CPU.ActiveCfg = Debug|Any CPU
		{AEB021BA-288E-48F5-A238-AA9A44046FB3}.Debug|Any CPU.Build.0 = Debug|Any CPU
		{AEB021BA-288E-48F5-A238-AA9A44046FB3}.Release|Any CPU.ActiveCfg = Release|Any CPU
		{AEB021BA-288E-48F5-A238-AA9A44046FB3}.Release|Any CPU.Build.0 = Release|Any CPU
	EndGlobalSection
	GlobalSection(SolutionProperties) = preSolution
		HideSolutionNode = FALSE
	EndGlobalSection
	GlobalSection(ExtensibilityGlobals) = postSolution
		SolutionGuid = {FC75C449-7F04-4FD1-A4F3-9B613CA1E4CC}
	EndGlobalSection
EndGlobal
